
Microsoft Visual Studio Solution File, Format Version 12.00
# Visual Studio Version 17
VisualStudioVersion = 17.9.34723.18
MinimumVisualStudioVersion = 10.0.40219.1
Project("{FAE04EC0-301F-11D3-BF4B-00C04F79EFBC}") = "TCC", "TCC\TCC.csproj", "{DDBE53F1-661C-4B55-B787-843E3AC8F816}"
EndProject
Global
	GlobalSection(SolutionConfigurationPlatforms) = preSolution
		Debug|Any CPU = Debug|Any CPU
		Release|Any CPU = Release|Any CPU
	EndGlobalSection
	GlobalSection(ProjectConfigurationPlatforms) = postSolution
		{DDBE53F1-661C-4B55-B787-843E3AC8F816}.Debug|Any CPU.ActiveCfg = Debug|Any CPU
		{DDBE53F1-661C-4B55-B787-843E3AC8F816}.Debug|Any CPU.Build.0 = Debug|Any CPU
		{DDBE53F1-661C-4B55-B787-843E3AC8F816}.Debug|Any CPU.Deploy.0 = Debug|Any CPU
		{DDBE53F1-661C-4B55-B787-843E3AC8F816}.Release|Any CPU.ActiveCfg = Release|Any CPU
		{DDBE53F1-661C-4B55-B787-843E3AC8F816}.Release|Any CPU.Build.0 = Release|Any CPU
		{DDBE53F1-661C-4B55-B787-843E3AC8F816}.Release|Any CPU.Deploy.0 = Release|Any CPU
	EndGlobalSection
	GlobalSection(SolutionProperties) = preSolution
		HideSolutionNode = FALSE
	EndGlobalSection
	GlobalSection(ExtensibilityGlobals) = postSolution
		SolutionGuid = {158C8AFB-43C6-46BB-919E-5A658686965A}
	EndGlobalSection
EndGlobal
